
Microsoft Visual Studio Solution File, Format Version 12.00
# Visual Studio Version 17
VisualStudioVersion = 17.0.31912.275
MinimumVisualStudioVersion = 10.0.40219.1
Project("{FAE04EC0-301F-11D3-BF4B-00C04F79EFBC}") = "Praktikum25AprilW10", "Praktikum25AprilW10\Praktikum25AprilW10.csproj", "{F3F559B5-F73E-4D5D-9E45-3D1F37C701F9}"
EndProject
Global
	GlobalSection(SolutionConfigurationPlatforms) = preSolution
		Debug|Any CPU = Debug|Any CPU
		Release|Any CPU = Release|Any CPU
	EndGlobalSection
	GlobalSection(ProjectConfigurationPlatforms) = postSolution
		{F3F559B5-F73E-4D5D-9E45-3D1F37C701F9}.Debug|Any CPU.ActiveCfg = Debug|Any CPU
		{F3F559B5-F73E-4D5D-9E45-3D1F37C701F9}.Debug|Any CPU.Build.0 = Debug|Any CPU
		{F3F559B5-F73E-4D5D-9E45-3D1F37C701F9}.Release|Any CPU.ActiveCfg = Release|Any CPU
		{F3F559B5-F73E-4D5D-9E45-3D1F37C701F9}.Release|Any CPU.Build.0 = Release|Any CPU
	EndGlobalSection
	GlobalSection(SolutionProperties) = preSolution
		HideSolutionNode = FALSE
	EndGlobalSection
	GlobalSection(ExtensibilityGlobals) = postSolution
		SolutionGuid = {7F3D67D4-4C8B-44B8-8DF8-4E92C71B37AF}
	EndGlobalSection
EndGlobal
